{
  "name": "workspace",
  "version": "1.0.0",
  "lockfileVersion": 1,
  "dependencies": {
    "@meteor-it/ajson": {
      "version": "0.1.3",
      "resolved": "https://registry.npmjs.org/@meteor-it/ajson/-/ajson-0.1.3.tgz",
      "integrity": "sha1-pZhjaEJQJ/yNse+SOqHvEHq6Fsk="
    },
    "@meteor-it/emoji": {
      "version": "0.1.2",
      "resolved": "https://registry.npmjs.org/@meteor-it/emoji/-/emoji-0.1.2.tgz",
      "integrity": "sha1-xI+AaHLfR2YgEedYBVv7+0az29g="
    },
    "@meteor-it/logger": {
      "version": "0.1.4",
      "resolved": "https://registry.npmjs.org/@meteor-it/logger/-/logger-0.1.4.tgz",
      "integrity": "sha1-UVHDC8cecZ7ZP2QBk0pa+00/nYE="
    },
    "@meteor-it/logger-receiver-browser-console": {
      "version": "0.1.2",
      "resolved": "https://registry.npmjs.org/@meteor-it/logger-receiver-browser-console/-/logger-receiver-browser-console-0.1.2.tgz",
      "integrity": "sha1-LROBU7gY9a63OK81oZhPXGiGGco=",
      "optional": true
    },
    "@meteor-it/logger-receiver-node-console": {
      "version": "0.1.2",
      "resolved": "https://registry.npmjs.org/@meteor-it/logger-receiver-node-console/-/logger-receiver-node-console-0.1.2.tgz",
      "integrity": "sha1-1EgSJqW35srsWolTNGIma1wXbPw=",
      "optional": true
    },
    "@meteor-it/platform": {
      "version": "0.1.2",
      "resolved": "https://registry.npmjs.org/@meteor-it/platform/-/platform-0.1.2.tgz",
      "integrity": "sha1-Ylyddz9xWSYDFxP05UZk1Y3wds8="
    },
    "@meteor-it/reflection": {
      "version": "0.1.2",
      "resolved": "https://registry.npmjs.org/@meteor-it/reflection/-/reflection-0.1.2.tgz",
      "integrity": "sha1-AvBXtDS6U3WafD9ZajQAmL7/GDc="
    },
    "@meteor-it/terminal": {
      "version": "0.1.2",
      "resolved": "https://registry.npmjs.org/@meteor-it/terminal/-/terminal-0.1.2.tgz",
      "integrity": "sha1-zJPYcde5lnss8t3fvmcPWuoeWzY=",
      "optional": true
    },
    "@meteor-it/utils": {
      "version": "1.0.0",
      "resolved": "https://registry.npmjs.org/@meteor-it/utils/-/utils-1.0.0.tgz",
      "integrity": "sha1-+A7crmcKll2zUnnTx0r3/Wp9TNo=",
      "optional": true
    },
    "@meteor-it/utils-common": {
      "version": "0.1.2",
      "resolved": "https://registry.npmjs.org/@meteor-it/utils-common/-/utils-common-0.1.2.tgz",
      "integrity": "sha1-JznxtV5hbVsX+EqYMErHrSzME6o="
    },
    "@meteor-it/xpress": {
      "version": "2.0.2",
      "resolved": "https://registry.npmjs.org/@meteor-it/xpress/-/xpress-2.0.2.tgz",
      "integrity": "sha1-BQcx+Evwxu6fXtuGkXWeoY8r+UQ="
    },
    "@meteor-it/xpress-support-potato": {
      "version": "1.0.2",
      "resolved": "https://registry.npmjs.org/@meteor-it/xpress-support-potato/-/xpress-support-potato-1.0.2.tgz",
      "integrity": "sha1-S9jU4C3+MTdYxpWGQTcLBA3NVgI="
    },
    "ajv": {
      "version": "4.11.8",
      "resolved": "https://registry.npmjs.org/ajv/-/ajv-4.11.8.tgz",
      "integrity": "sha1-gv+wKynmYq5TvcIK8VlHcGc5xTY="
    },
    "co": {
      "version": "4.6.0",
      "resolved": "https://registry.npmjs.org/co/-/co-4.6.0.tgz",
      "integrity": "sha1-bqa989hTrlTMuOR7+gvz+QMfsYQ="
    },
    "core-util-is": {
      "version": "1.0.2",
      "resolved": "https://registry.npmjs.org/core-util-is/-/core-util-is-1.0.2.tgz",
      "integrity": "sha1-tf1UIgqivFq1eqtxQMlAdUUDwac="
    },
    "inherits": {
      "version": "2.0.3",
      "resolved": "https://registry.npmjs.org/inherits/-/inherits-2.0.3.tgz",
      "integrity": "sha1-Yzwsg+PaQqUC9SRmAiSA9CCCYd4="
    },
    "isarray": {
      "version": "1.0.0",
      "resolved": "https://registry.npmjs.org/isarray/-/isarray-1.0.0.tgz",
      "integrity": "sha1-u5NdSFgsuhaMBoNJV6VKPgcSTxE="
    },
    "json-stable-stringify": {
      "version": "1.0.1",
      "resolved": "https://registry.npmjs.org/json-stable-stringify/-/json-stable-stringify-1.0.1.tgz",
      "integrity": "sha1-mnWdOcXy/1A/1TAGRu1EX4jE+a8="
    },
    "jsonify": {
      "version": "0.0.0",
      "resolved": "https://registry.npmjs.org/jsonify/-/jsonify-0.0.0.tgz",
      "integrity": "sha1-LHS27kHZPKUbe1qu6PUDYx0lKnM="
    },
    "lodash.get": {
      "version": "4.4.2",
      "resolved": "https://registry.npmjs.org/lodash.get/-/lodash.get-4.4.2.tgz",
      "integrity": "sha1-LRd/ZS+jHpObRDjVNBSZ36OCXpk="
    },
    "lodash.reduce": {
      "version": "4.6.0",
      "resolved": "https://registry.npmjs.org/lodash.reduce/-/lodash.reduce-4.6.0.tgz",
      "integrity": "sha1-8atrg5KZrUj3hKu/R2WW8DuRTTs="
    },
    "potato.socket": {
      "version": "1.0.4",
      "resolved": "https://registry.npmjs.org/potato.socket/-/potato.socket-1.0.4.tgz",
      "integrity": "sha1-urNCYh2zBwzqeeeNaXJb51PWk5U="
    },
    "process-nextick-args": {
      "version": "1.0.7",
      "resolved": "https://registry.npmjs.org/process-nextick-args/-/process-nextick-args-1.0.7.tgz",
      "integrity": "sha1-FQ4gt1ZZCtP5EJPyWk8q2L/zC6M="
    },
    "protodef": {
      "version": "1.5.1",
      "resolved": "https://registry.npmjs.org/protodef/-/protodef-1.5.1.tgz",
      "integrity": "sha1-MnGo1xH/R67U1/xyNScvAlfnlGc="
    },
    "protodef-validator": {
      "version": "1.1.7",
      "resolved": "https://registry.npmjs.org/protodef-validator/-/protodef-validator-1.1.7.tgz",
      "integrity": "sha1-uICAJKf3KtYr3uS5CUhjksmHjbY="
    },
    "readable-stream": {
      "version": "2.2.10",
      "resolved": "https://registry.npmjs.org/readable-stream/-/readable-stream-2.2.10.tgz",
      "integrity": "sha512-HQEnnoV404e0EtwB9yNiuk2tJ+egeVC8Y9QBAxzDg8DBJt4BzRp+yQuIb/t3FIWkSTmIi+sgx7yVv/ZM0GNoqw=="
    },
    "safe-buffer": {
      "version": "5.0.1",
      "resolved": "https://registry.npmjs.org/safe-buffer/-/safe-buffer-5.0.1.tgz",
      "integrity": "sha1-0mPKVGls2KMGtcplUekt5XkY++c="
    },
    "string_decoder": {
      "version": "1.0.1",
      "resolved": "https://registry.npmjs.org/string_decoder/-/string_decoder-1.0.1.tgz",
      "integrity": "sha1-YuIA8DmVWmgQ2N8KM//A8BNmLZg="
    },
    "util-deprecate": {
      "version": "1.0.2",
      "resolved": "https://registry.npmjs.org/util-deprecate/-/util-deprecate-1.0.2.tgz",
      "integrity": "sha1-RQ1Nyfpw3nMnYvvS1KKJgUGaDM8="
    },
    "uws": {
      "version": "0.14.5",
      "resolved": "https://registry.npmjs.org/uws/-/uws-0.14.5.tgz",
      "integrity": "sha1-Z6rzPEaypYel9mZtAPdpEyjxSdw="
    }
  }
}
